
Microsoft Visual Studio Solution File, Format Version 12.00
# Visual Studio Version 17
VisualStudioVersion = 17.8.34330.188
MinimumVisualStudioVersion = 10.0.40219.1
Project("{FAE04EC0-301F-11D3-BF4B-00C04F79EFBC}") = "AcademiaFs.ProyectoInventario.WebApi", "AcademiaFs.ProyectoInventario.WebApi.csproj", "{5B8E1092-D9C6-4992-9FEB-33F60F62322A}"
EndProject
Global
	GlobalSection(SolutionConfigurationPlatforms) = preSolution
		Debug|Any CPU = Debug|Any CPU
		Release|Any CPU = Release|Any CPU
	EndGlobalSection
	GlobalSection(ProjectConfigurationPlatforms) = postSolution
		{5B8E1092-D9C6-4992-9FEB-33F60F62322A}.Debug|Any CPU.ActiveCfg = Debug|Any CPU
		{5B8E1092-D9C6-4992-9FEB-33F60F62322A}.Debug|Any CPU.Build.0 = Debug|Any CPU
		{5B8E1092-D9C6-4992-9FEB-33F60F62322A}.Release|Any CPU.ActiveCfg = Release|Any CPU
		{5B8E1092-D9C6-4992-9FEB-33F60F62322A}.Release|Any CPU.Build.0 = Release|Any CPU
	EndGlobalSection
	GlobalSection(SolutionProperties) = preSolution
		HideSolutionNode = FALSE
	EndGlobalSection
	GlobalSection(ExtensibilityGlobals) = postSolution
		SolutionGuid = {16E6EFEC-07D9-44E4-B5BA-77F9C8974F4A}
	EndGlobalSection
EndGlobal
